
Microsoft Visual Studio Solution File, Format Version 12.00
# Visual Studio 15
VisualStudioVersion = 15.0.27130.2036
MinimumVisualStudioVersion = 10.0.40219.1
Project("{FAE04EC0-301F-11D3-BF4B-00C04F79EFBC}") = "TrolliApp.Android", "TrolliApp\TrolliApp.Android\TrolliApp.Android.csproj", "{BE763666-FE43-4ABF-B508-8DC582CCC6C7}"
EndProject
Project("{FAE04EC0-301F-11D3-BF4B-00C04F79EFBC}") = "TrolliApp.iOS", "TrolliApp\TrolliApp.iOS\TrolliApp.iOS.csproj", "{648D7FE7-EF07-4C00-87B8-444B0DD08273}"
EndProject
Project("{9A19103F-16F7-4668-BE54-9A1E7A4F7556}") = "TrolliApp", "TrolliApp\TrolliApp\TrolliApp.csproj", "{8661EF6A-F68B-405D-A277-FF5A6799B8E9}"
EndProject
Global
	GlobalSection(SolutionConfigurationPlatforms) = preSolution
		Ad-Hoc|Any CPU = Ad-Hoc|Any CPU
		Ad-Hoc|iPhone = Ad-Hoc|iPhone
		Ad-Hoc|iPhoneSimulator = Ad-Hoc|iPhoneSimulator
		AppStore|Any CPU = AppStore|Any CPU
		AppStore|iPhone = AppStore|iPhone
		AppStore|iPhoneSimulator = AppStore|iPhoneSimulator
		Debug|Any CPU = Debug|Any CPU
		Debug|iPhone = Debug|iPhone
		Debug|iPhoneSimulator = Debug|iPhoneSimulator
		Release|Any CPU = Release|Any CPU
		Release|iPhone = Release|iPhone
		Release|iPhoneSimulator = Release|iPhoneSimulator
	EndGlobalSection
	GlobalSection(ProjectConfigurationPlatforms) = postSolution
		{BE763666-FE43-4ABF-B508-8DC582CCC6C7}.Ad-Hoc|Any CPU.ActiveCfg = Release|Any CPU
		{BE763666-FE43-4ABF-B508-8DC582CCC6C7}.Ad-Hoc|Any CPU.Build.0 = Release|Any CPU
		{BE763666-FE43-4ABF-B508-8DC582CCC6C7}.Ad-Hoc|Any CPU.Deploy.0 = Release|Any CPU
		{BE763666-FE43-4ABF-B508-8DC582CCC6C7}.Ad-Hoc|iPhone.ActiveCfg = Release|Any CPU
		{BE763666-FE43-4ABF-B508-8DC582CCC6C7}.Ad-Hoc|iPhone.Build.0 = Release|Any CPU
		{BE763666-FE43-4ABF-B508-8DC582CCC6C7}.Ad-Hoc|iPhone.Deploy.0 = Release|Any CPU
		{BE763666-FE43-4ABF-B508-8DC582CCC6C7}.Ad-Hoc|iPhoneSimulator.ActiveCfg = Release|Any CPU
		{BE763666-FE43-4ABF-B508-8DC582CCC6C7}.Ad-Hoc|iPhoneSimulator.Build.0 = Release|Any CPU
		{BE763666-FE43-4ABF-B508-8DC582CCC6C7}.Ad-Hoc|iPhoneSimulator.Deploy.0 = Release|Any CPU
		{BE763666-FE43-4ABF-B508-8DC582CCC6C7}.AppStore|Any CPU.ActiveCfg = Release|Any CPU
		{BE763666-FE43-4ABF-B508-8DC582CCC6C7}.AppStore|Any CPU.Build.0 = Release|Any CPU
		{BE763666-FE43-4ABF-B508-8DC582CCC6C7}.AppStore|Any CPU.Deploy.0 = Release|Any CPU
		{BE763666-FE43-4ABF-B508-8DC582CCC6C7}.AppStore|iPhone.ActiveCfg = Release|Any CPU
		{BE763666-FE43-4ABF-B508-8DC582CCC6C7}.AppStore|iPhone.Build.0 = Release|Any CPU
		{BE763666-FE43-4ABF-B508-8DC582CCC6C7}.AppStore|iPhone.Deploy.0 = Release|Any CPU
		{BE763666-FE43-4ABF-B508-8DC582CCC6C7}.AppStore|iPhoneSimulator.ActiveCfg = Release|Any CPU
		{BE763666-FE43-4ABF-B508-8DC582CCC6C7}.AppStore|iPhoneSimulator.Build.0 = Release|Any CPU
		{BE763666-FE43-4ABF-B508-8DC582CCC6C7}.AppStore|iPhoneSimulator.Deploy.0 = Release|Any CPU
		{BE763666-FE43-4ABF-B508-8DC582CCC6C7}.Debug|Any CPU.ActiveCfg = Debug|Any CPU
		{BE763666-FE43-4ABF-B508-8DC582CCC6C7}.Debug|Any CPU.Build.0 = Debug|Any CPU
		{BE763666-FE43-4ABF-B508-8DC582CCC6C7}.Debug|Any CPU.Deploy.0 = Debug|Any CPU
		{BE763666-FE43-4ABF-B508-8DC582CCC6C7}.Debug|iPhone.ActiveCfg = Debug|Any CPU
		{BE763666-FE43-4ABF-B508-8DC582CCC6C7}.Debug|iPhone.Build.0 = Debug|Any CPU
		{BE763666-FE43-4ABF-B508-8DC582CCC6C7}.Debug|iPhone.Deploy.0 = Debug|Any CPU
		{BE763666-FE43-4ABF-B508-8DC582CCC6C7}.Debug|iPhoneSimulator.ActiveCfg = Debug|Any CPU
		{BE763666-FE43-4ABF-B508-8DC582CCC6C7}.Debug|iPhoneSimulator.Build.0 = Debug|Any CPU
		{BE763666-FE43-4ABF-B508-8DC582CCC6C7}.Debug|iPhoneSimulator.Deploy.0 = Debug|Any CPU
		{BE763666-FE43-4ABF-B508-8DC582CCC6C7}.Release|Any CPU.ActiveCfg = Release|Any CPU
		{BE763666-FE43-4ABF-B508-8DC582CCC6C7}.Release|Any CPU.Build.0 = Release|Any CPU
		{BE763666-FE43-4ABF-B508-8DC582CCC6C7}.Release|Any CPU.Deploy.0 = Release|Any CPU
		{BE763666-FE43-4ABF-B508-8DC582CCC6C7}.Release|iPhone.ActiveCfg = Release|Any CPU
		{BE763666-FE43-4ABF-B508-8DC582CCC6C7}.Release|iPhone.Build.0 = Release|Any CPU
		{BE763666-FE43-4ABF-B508-8DC582CCC6C7}.Release|iPhone.Deploy.0 = Release|Any CPU
		{BE763666-FE43-4ABF-B508-8DC582CCC6C7}.Release|iPhoneSimulator.ActiveCfg = Release|Any CPU
		{BE763666-FE43-4ABF-B508-8DC582CCC6C7}.Release|iPhoneSimulator.Build.0 = Release|Any CPU
		{BE763666-FE43-4ABF-B508-8DC582CCC6C7}.Release|iPhoneSimulator.Deploy.0 = Release|Any CPU
		{648D7FE7-EF07-4C00-87B8-444B0DD08273}.Ad-Hoc|Any CPU.ActiveCfg = Ad-Hoc|iPhone
		{648D7FE7-EF07-4C00-87B8-444B0DD08273}.Ad-Hoc|iPhone.ActiveCfg = Ad-Hoc|iPhone
		{648D7FE7-EF07-4C00-87B8-444B0DD08273}.Ad-Hoc|iPhone.Build.0 = Ad-Hoc|iPhone
		{648D7FE7-EF07-4C00-87B8-444B0DD08273}.Ad-Hoc|iPhoneSimulator.ActiveCfg = Ad-Hoc|iPhoneSimulator
		{648D7FE7-EF07-4C00-87B8-444B0DD08273}.Ad-Hoc|iPhoneSimulator.Build.0 = Ad-Hoc|iPhoneSimulator
		{648D7FE7-EF07-4C00-87B8-444B0DD08273}.AppStore|Any CPU.ActiveCfg = AppStore|iPhone
		{648D7FE7-EF07-4C00-87B8-444B0DD08273}.AppStore|iPhone.ActiveCfg = AppStore|iPhone
		{648D7FE7-EF07-4C00-87B8-444B0DD08273}.AppStore|iPhone.Build.0 = AppStore|iPhone
		{648D7FE7-EF07-4C00-87B8-444B0DD08273}.AppStore|iPhoneSimulator.ActiveCfg = AppStore|iPhoneSimulator
		{648D7FE7-EF07-4C00-87B8-444B0DD08273}.AppStore|iPhoneSimulator.Build.0 = AppStore|iPhoneSimulator
		{648D7FE7-EF07-4C00-87B8-444B0DD08273}.Debug|Any CPU.ActiveCfg = Debug|iPhone
		{648D7FE7-EF07-4C00-87B8-444B0DD08273}.Debug|iPhone.ActiveCfg = Debug|iPhone
		{648D7FE7-EF07-4C00-87B8-444B0DD08273}.Debug|iPhone.Build.0 = Debug|iPhone
		{648D7FE7-EF07-4C00-87B8-444B0DD08273}.Debug|iPhoneSimulator.ActiveCfg = Debug|iPhoneSimulator
		{648D7FE7-EF07-4C00-87B8-444B0DD08273}.Debug|iPhoneSimulator.Build.0 = Debug|iPhoneSimulator
		{648D7FE7-EF07-4C00-87B8-444B0DD08273}.Release|Any CPU.ActiveCfg = Release|iPhone
		{648D7FE7-EF07-4C00-87B8-444B0DD08273}.Release|iPhone.ActiveCfg = Release|iPhone
		{648D7FE7-EF07-4C00-87B8-444B0DD08273}.Release|iPhone.Build.0 = Release|iPhone
		{648D7FE7-EF07-4C00-87B8-444B0DD08273}.Release|iPhoneSimulator.ActiveCfg = Release|iPhoneSimulator
		{648D7FE7-EF07-4C00-87B8-444B0DD08273}.Release|iPhoneSimulator.Build.0 = Release|iPhoneSimulator
		{8661EF6A-F68B-405D-A277-FF5A6799B8E9}.Ad-Hoc|Any CPU.ActiveCfg = Debug|Any CPU
		{8661EF6A-F68B-405D-A277-FF5A6799B8E9}.Ad-Hoc|Any CPU.Build.0 = Debug|Any CPU
		{8661EF6A-F68B-405D-A277-FF5A6799B8E9}.Ad-Hoc|iPhone.ActiveCfg = Debug|Any CPU
		{8661EF6A-F68B-405D-A277-FF5A6799B8E9}.Ad-Hoc|iPhone.Build.0 = Debug|Any CPU
		{8661EF6A-F68B-405D-A277-FF5A6799B8E9}.Ad-Hoc|iPhoneSimulator.ActiveCfg = Debug|Any CPU
		{8661EF6A-F68B-405D-A277-FF5A6799B8E9}.Ad-Hoc|iPhoneSimulator.Build.0 = Debug|Any CPU
		{8661EF6A-F68B-405D-A277-FF5A6799B8E9}.AppStore|Any CPU.ActiveCfg = Debug|Any CPU
		{8661EF6A-F68B-405D-A277-FF5A6799B8E9}.AppStore|Any CPU.Build.0 = Debug|Any CPU
		{8661EF6A-F68B-405D-A277-FF5A6799B8E9}.AppStore|iPhone.ActiveCfg = Debug|Any CPU
		{8661EF6A-F68B-405D-A277-FF5A6799B8E9}.AppStore|iPhone.Build.0 = Debug|Any CPU
		{8661EF6A-F68B-405D-A277-FF5A6799B8E9}.AppStore|iPhoneSimulator.ActiveCfg = Debug|Any CPU
		{8661EF6A-F68B-405D-A277-FF5A6799B8E9}.AppStore|iPhoneSimulator.Build.0 = Debug|Any CPU
		{8661EF6A-F68B-405D-A277-FF5A6799B8E9}.Debug|Any CPU.ActiveCfg = Debug|Any CPU
		{8661EF6A-F68B-405D-A277-FF5A6799B8E9}.Debug|Any CPU.Build.0 = Debug|Any CPU
		{8661EF6A-F68B-405D-A277-FF5A6799B8E9}.Debug|iPhone.ActiveCfg = Debug|Any CPU
		{8661EF6A-F68B-405D-A277-FF5A6799B8E9}.Debug|iPhone.Build.0 = Debug|Any CPU
		{8661EF6A-F68B-405D-A277-FF5A6799B8E9}.Debug|iPhoneSimulator.ActiveCfg = Debug|Any CPU
		{8661EF6A-F68B-405D-A277-FF5A6799B8E9}.Debug|iPhoneSimulator.Build.0 = Debug|Any CPU
		{8661EF6A-F68B-405D-A277-FF5A6799B8E9}.Release|Any CPU.ActiveCfg = Release|Any CPU
		{8661EF6A-F68B-405D-A277-FF5A6799B8E9}.Release|Any CPU.Build.0 = Release|Any CPU
		{8661EF6A-F68B-405D-A277-FF5A6799B8E9}.Release|iPhone.ActiveCfg = Release|Any CPU
		{8661EF6A-F68B-405D-A277-FF5A6799B8E9}.Release|iPhone.Build.0 = Release|Any CPU
		{8661EF6A-F68B-405D-A277-FF5A6799B8E9}.Release|iPhoneSimulator.ActiveCfg = Release|Any CPU
		{8661EF6A-F68B-405D-A277-FF5A6799B8E9}.Release|iPhoneSimulator.Build.0 = Release|Any CPU
	EndGlobalSection
	GlobalSection(SolutionProperties) = preSolution
		HideSolutionNode = FALSE
	EndGlobalSection
	GlobalSection(ExtensibilityGlobals) = postSolution
		SolutionGuid = {F794AA70-D832-4F54-848E-B1AECF288C80}
	EndGlobalSection
EndGlobal
